Microsoft Visual Studio Solution File, Format Version 12.00
# Visual Studio 14
VisualStudioVersion = 14.0.23107.0
MinimumVisualStudioVersion = 10.0.40219.1
Project("{FAE04EC0-301F-11D3-BF4B-00C04F79EFBC}") = "Ignia.Topics", "Ignia.Topics.csproj", "{B8D5B290-4451-4C3B-AE9E-0FF075958A74}"
EndProject
Project("{FAE04EC0-301F-11D3-BF4B-00C04F79EFBC}") = "Ignia.Topics.Tests", "Ignia.Topics.Tests\Ignia.Topics.Tests.csproj", "{27632801-BFE3-41D9-8678-3C4BBE45E6C9}"
EndProject
Project("{FAE04EC0-301F-11D3-BF4B-00C04F79EFBC}") = "CodeContractTest", "CodeContractTest\CodeContractTest.csproj", "{6777CAAF-0621-430A-B61A-BC12D9283677}"
EndProject
Project("{FAE04EC0-301F-11D3-BF4B-00C04F79EFBC}") = "Ignia.Topics.Web.Mvc", "..\Ignia.Topics.Web.Mvc\Ignia.Topics.Web.Mvc.csproj", "{3B3CE34D-B5E5-47CA-BFEF-E6740650F378}"
EndProject
Project("{FAE04EC0-301F-11D3-BF4B-00C04F79EFBC}") = "Ignia.Topics.Web.Mvc.Tests", "Ignia.Topics.Web.Mvc.Tests\Ignia.Topics.Web.Mvc.Tests.csproj", "{E300B625-5E26-4976-961E-1F3D1CC2D09F}"
EndProject
Global
	GlobalSection(SolutionConfigurationPlatforms) = preSolution
		Debug CC|Any CPU = Debug CC|Any CPU
		Debug|Any CPU = Debug|Any CPU
		Release|Any CPU = Release|Any CPU
	EndGlobalSection
	GlobalSection(ProjectConfigurationPlatforms) = postSolution
		{B8D5B290-4451-4C3B-AE9E-0FF075958A74}.Debug CC|Any CPU.ActiveCfg = Debug CC|Any CPU
		{B8D5B290-4451-4C3B-AE9E-0FF075958A74}.Debug CC|Any CPU.Build.0 = Debug CC|Any CPU
		{B8D5B290-4451-4C3B-AE9E-0FF075958A74}.Debug|Any CPU.ActiveCfg = Debug|Any CPU
		{B8D5B290-4451-4C3B-AE9E-0FF075958A74}.Debug|Any CPU.Build.0 = Debug|Any CPU
		{B8D5B290-4451-4C3B-AE9E-0FF075958A74}.Release|Any CPU.ActiveCfg = Release|Any CPU
		{B8D5B290-4451-4C3B-AE9E-0FF075958A74}.Release|Any CPU.Build.0 = Release|Any CPU
		{27632801-BFE3-41D9-8678-3C4BBE45E6C9}.Debug CC|Any CPU.ActiveCfg = Debug CC|Any CPU
		{27632801-BFE3-41D9-8678-3C4BBE45E6C9}.Debug CC|Any CPU.Build.0 = Debug CC|Any CPU
		{27632801-BFE3-41D9-8678-3C4BBE45E6C9}.Debug|Any CPU.ActiveCfg = Debug|Any CPU
		{27632801-BFE3-41D9-8678-3C4BBE45E6C9}.Debug|Any CPU.Build.0 = Debug|Any CPU
		{27632801-BFE3-41D9-8678-3C4BBE45E6C9}.Release|Any CPU.ActiveCfg = Release|Any CPU
		{27632801-BFE3-41D9-8678-3C4BBE45E6C9}.Release|Any CPU.Build.0 = Release|Any CPU
		{6777CAAF-0621-430A-B61A-BC12D9283677}.Debug CC|Any CPU.ActiveCfg = Debug|Any CPU
		{6777CAAF-0621-430A-B61A-BC12D9283677}.Debug CC|Any CPU.Build.0 = Debug|Any CPU
		{6777CAAF-0621-430A-B61A-BC12D9283677}.Debug|Any CPU.ActiveCfg = Debug|Any CPU
		{6777CAAF-0621-430A-B61A-BC12D9283677}.Debug|Any CPU.Build.0 = Debug|Any CPU
		{6777CAAF-0621-430A-B61A-BC12D9283677}.Release|Any CPU.ActiveCfg = Release|Any CPU
		{6777CAAF-0621-430A-B61A-BC12D9283677}.Release|Any CPU.Build.0 = Release|Any CPU
		{3B3CE34D-B5E5-47CA-BFEF-E6740650F378}.Debug CC|Any CPU.ActiveCfg = Debug|Any CPU
		{3B3CE34D-B5E5-47CA-BFEF-E6740650F378}.Debug CC|Any CPU.Build.0 = Debug|Any CPU
		{3B3CE34D-B5E5-47CA-BFEF-E6740650F378}.Debug|Any CPU.ActiveCfg = Debug|Any CPU
		{3B3CE34D-B5E5-47CA-BFEF-E6740650F378}.Debug|Any CPU.Build.0 = Debug|Any CPU
		{3B3CE34D-B5E5-47CA-BFEF-E6740650F378}.Release|Any CPU.ActiveCfg = Release|Any CPU
		{3B3CE34D-B5E5-47CA-BFEF-E6740650F378}.Release|Any CPU.Build.0 = Release|Any CPU
		{E300B625-5E26-4976-961E-1F3D1CC2D09F}.Debug CC|Any CPU.ActiveCfg = Debug|Any CPU
		{E300B625-5E26-4976-961E-1F3D1CC2D09F}.Debug CC|Any CPU.Build.0 = Debug|Any CPU
		{E300B625-5E26-4976-961E-1F3D1CC2D09F}.Debug|Any CPU.ActiveCfg = Debug|Any CPU
		{E300B625-5E26-4976-961E-1F3D1CC2D09F}.Debug|Any CPU.Build.0 = Debug|Any CPU
		{E300B625-5E26-4976-961E-1F3D1CC2D09F}.Release|Any CPU.ActiveCfg = Release|Any CPU
		{E300B625-5E26-4976-961E-1F3D1CC2D09F}.Release|Any CPU.Build.0 = Release|Any CPU
	EndGlobalSection
	GlobalSection(SolutionProperties) = preSolution
		HideSolutionNode = FALSE
	EndGlobalSection
EndGlobal
