Microsoft Visual Studio Solution File, Format Version 12.00
# Visual Studio 15
VisualStudioVersion = 15.0.26730.16
MinimumVisualStudioVersion = 10.0.40219.1
Project("{9A19103F-16F7-4668-BE54-9A1E7A4F7556}") = "Ignia.Topics", "Ignia.Topics\Ignia.Topics.csproj", "{B8D5B290-4451-4C3B-AE9E-0FF075958A74}"
EndProject
Project("{9A19103F-16F7-4668-BE54-9A1E7A4F7556}") = "Ignia.Topics.Tests", "Ignia.Topics.Tests\Ignia.Topics.Tests.csproj", "{27632801-BFE3-41D9-8678-3C4BBE45E6C9}"
EndProject
Project("{9A19103F-16F7-4668-BE54-9A1E7A4F7556}") = "Ignia.Topics.Data.Sql", "Ignia.Topics.Data.Sql\Ignia.Topics.Data.Sql.csproj", "{1DE1F923-C7C2-435B-B49A-975ACBCB5FF0}"
EndProject
Project("{9A19103F-16F7-4668-BE54-9A1E7A4F7556}") = "Ignia.Topics.Data.Caching", "Ignia.Topics.Data.Caching\Ignia.Topics.Data.Caching.csproj", "{206B7F91-CA25-4E9D-9576-60D2E54A2C0A}"
EndProject
Project("{9A19103F-16F7-4668-BE54-9A1E7A4F7556}") = "Ignia.Topics.Web", "Ignia.Topics.Web\Ignia.Topics.Web.csproj", "{C98F7B48-A085-4394-B820-C244F23868CE}"
EndProject
Project("{9A19103F-16F7-4668-BE54-9A1E7A4F7556}") = "Ignia.Topics.Web.Mvc", "Ignia.Topics.Web.Mvc\Ignia.Topics.Web.Mvc.csproj", "{3B3CE34D-B5E5-47CA-BFEF-E6740650F378}"
EndProject
Project("{00D1A9C2-B5F0-4AF3-8072-F6C62B433612}") = "Ignia.Topics.Data.Sql.Database", "Ignia.Topics.Data.Sql.Database\Ignia.Topics.Data.Sql.Database.sqlproj", "{A1D96A34-C6EA-491A-BC60-8BB9E809B005}"
EndProject
Project("{9A19103F-16F7-4668-BE54-9A1E7A4F7556}") = "Ignia.Topics.ViewModels", "Ignia.Topics.ViewModels\Ignia.Topics.ViewModels.csproj", "{E52FC633-B4C5-4A2B-8CAF-30E756D7A6A7}"
EndProject
Project("{2150E333-8FDC-42A3-9474-1A3956D46DE8}") = "Solution Items", "Solution Items", "{0D5A35CE-F5A4-4DDF-8938-8B1116CDF58E}"
	ProjectSection(SolutionItems) = preProject
		README.md = README.md
	EndProjectSection
EndProject
Project("{9A19103F-16F7-4668-BE54-9A1E7A4F7556}") = "Ignia.Topics.AspNetCore.Mvc", "Ignia.Topics.AspNetCore.Mvc\Ignia.Topics.AspNetCore.Mvc.csproj", "{B7F136A1-C86D-4A74-AC4F-3693CD1358A4}"
EndProject
Global
	GlobalSection(SolutionConfigurationPlatforms) = preSolution
		Debug|Any CPU = Debug|Any CPU
		Release|Any CPU = Release|Any CPU
	EndGlobalSection
	GlobalSection(ProjectConfigurationPlatforms) = postSolution
		{B8D5B290-4451-4C3B-AE9E-0FF075958A74}.Debug|Any CPU.ActiveCfg = Debug|Any CPU
		{B8D5B290-4451-4C3B-AE9E-0FF075958A74}.Debug|Any CPU.Build.0 = Debug|Any CPU
		{B8D5B290-4451-4C3B-AE9E-0FF075958A74}.Release|Any CPU.ActiveCfg = Release|Any CPU
		{B8D5B290-4451-4C3B-AE9E-0FF075958A74}.Release|Any CPU.Build.0 = Release|Any CPU
		{27632801-BFE3-41D9-8678-3C4BBE45E6C9}.Debug|Any CPU.ActiveCfg = Debug|Any CPU
		{27632801-BFE3-41D9-8678-3C4BBE45E6C9}.Debug|Any CPU.Build.0 = Debug|Any CPU
		{27632801-BFE3-41D9-8678-3C4BBE45E6C9}.Release|Any CPU.ActiveCfg = Release|Any CPU
		{27632801-BFE3-41D9-8678-3C4BBE45E6C9}.Release|Any CPU.Build.0 = Release|Any CPU
		{1DE1F923-C7C2-435B-B49A-975ACBCB5FF0}.Debug|Any CPU.ActiveCfg = Debug|Any CPU
		{1DE1F923-C7C2-435B-B49A-975ACBCB5FF0}.Debug|Any CPU.Build.0 = Debug|Any CPU
		{1DE1F923-C7C2-435B-B49A-975ACBCB5FF0}.Release|Any CPU.ActiveCfg = Release|Any CPU
		{1DE1F923-C7C2-435B-B49A-975ACBCB5FF0}.Release|Any CPU.Build.0 = Release|Any CPU
		{206B7F91-CA25-4E9D-9576-60D2E54A2C0A}.Debug|Any CPU.ActiveCfg = Debug|Any CPU
		{206B7F91-CA25-4E9D-9576-60D2E54A2C0A}.Debug|Any CPU.Build.0 = Debug|Any CPU
		{206B7F91-CA25-4E9D-9576-60D2E54A2C0A}.Release|Any CPU.ActiveCfg = Release|Any CPU
		{206B7F91-CA25-4E9D-9576-60D2E54A2C0A}.Release|Any CPU.Build.0 = Release|Any CPU
		{C98F7B48-A085-4394-B820-C244F23868CE}.Debug|Any CPU.ActiveCfg = Debug|Any CPU
		{C98F7B48-A085-4394-B820-C244F23868CE}.Debug|Any CPU.Build.0 = Debug|Any CPU
		{C98F7B48-A085-4394-B820-C244F23868CE}.Release|Any CPU.ActiveCfg = Release|Any CPU
		{C98F7B48-A085-4394-B820-C244F23868CE}.Release|Any CPU.Build.0 = Release|Any CPU
		{3B3CE34D-B5E5-47CA-BFEF-E6740650F378}.Debug|Any CPU.ActiveCfg = Debug|Any CPU
		{3B3CE34D-B5E5-47CA-BFEF-E6740650F378}.Debug|Any CPU.Build.0 = Debug|Any CPU
		{3B3CE34D-B5E5-47CA-BFEF-E6740650F378}.Release|Any CPU.ActiveCfg = Release|Any CPU
		{3B3CE34D-B5E5-47CA-BFEF-E6740650F378}.Release|Any CPU.Build.0 = Release|Any CPU
		{A1D96A34-C6EA-491A-BC60-8BB9E809B005}.Debug|Any CPU.ActiveCfg = Debug|Any CPU
		{A1D96A34-C6EA-491A-BC60-8BB9E809B005}.Debug|Any CPU.Deploy.0 = Debug|Any CPU
		{A1D96A34-C6EA-491A-BC60-8BB9E809B005}.Release|Any CPU.ActiveCfg = Release|Any CPU
		{A1D96A34-C6EA-491A-BC60-8BB9E809B005}.Release|Any CPU.Deploy.0 = Release|Any CPU
		{E52FC633-B4C5-4A2B-8CAF-30E756D7A6A7}.Debug|Any CPU.ActiveCfg = Debug|Any CPU
		{E52FC633-B4C5-4A2B-8CAF-30E756D7A6A7}.Debug|Any CPU.Build.0 = Debug|Any CPU
		{E52FC633-B4C5-4A2B-8CAF-30E756D7A6A7}.Release|Any CPU.ActiveCfg = Release|Any CPU
		{E52FC633-B4C5-4A2B-8CAF-30E756D7A6A7}.Release|Any CPU.Build.0 = Release|Any CPU
		{B7F136A1-C86D-4A74-AC4F-3693CD1358A4}.Debug|Any CPU.ActiveCfg = Debug|Any CPU
		{B7F136A1-C86D-4A74-AC4F-3693CD1358A4}.Debug|Any CPU.Build.0 = Debug|Any CPU
		{B7F136A1-C86D-4A74-AC4F-3693CD1358A4}.Release|Any CPU.ActiveCfg = Release|Any CPU
		{B7F136A1-C86D-4A74-AC4F-3693CD1358A4}.Release|Any CPU.Build.0 = Release|Any CPU
	EndGlobalSection
	GlobalSection(SolutionProperties) = preSolution
		HideSolutionNode = FALSE
	EndGlobalSection
	GlobalSection(ExtensibilityGlobals) = postSolution
		SolutionGuid = {9E9FBF9F-CE4C-4721-B099-58A561875E1B}
	EndGlobalSection
EndGlobal
