Microsoft Visual Studio Solution File, Format Version 12.00
# Visual Studio Version 16
VisualStudioVersion = 16.0.29215.179
MinimumVisualStudioVersion = 10.0.40219.1
Project("{9A19103F-16F7-4668-BE54-9A1E7A4F7556}") = "OnTopic", "OnTopic\OnTopic.csproj", "{B8D5B290-4451-4C3B-AE9E-0FF075958A74}"
EndProject
Project("{9A19103F-16F7-4668-BE54-9A1E7A4F7556}") = "OnTopic.Tests", "OnTopic.Tests\OnTopic.Tests.csproj", "{27632801-BFE3-41D9-8678-3C4BBE45E6C9}"
EndProject
Project("{9A19103F-16F7-4668-BE54-9A1E7A4F7556}") = "OnTopic.Data.Sql", "OnTopic.Data.Sql\OnTopic.Data.Sql.csproj", "{1DE1F923-C7C2-435B-B49A-975ACBCB5FF0}"
EndProject
Project("{9A19103F-16F7-4668-BE54-9A1E7A4F7556}") = "OnTopic.Data.Caching", "OnTopic.Data.Caching\OnTopic.Data.Caching.csproj", "{206B7F91-CA25-4E9D-9576-60D2E54A2C0A}"
EndProject
Project("{00D1A9C2-B5F0-4AF3-8072-F6C62B433612}") = "OnTopic.Data.Sql.Database", "OnTopic.Data.Sql.Database\OnTopic.Data.Sql.Database.sqlproj", "{A1D96A34-C6EA-491A-BC60-8BB9E809B005}"
EndProject
Project("{9A19103F-16F7-4668-BE54-9A1E7A4F7556}") = "OnTopic.ViewModels", "OnTopic.ViewModels\OnTopic.ViewModels.csproj", "{E52FC633-B4C5-4A2B-8CAF-30E756D7A6A7}"
EndProject
Project("{2150E333-8FDC-42A3-9474-1A3956D46DE8}") = "Solution Items", "Solution Items", "{0D5A35CE-F5A4-4DDF-8938-8B1116CDF58E}"
	ProjectSection(SolutionItems) = preProject
		.editorconfig = .editorconfig
		.gitignore = .gitignore
		Directory.Build.props = Directory.Build.props
		GitVersion.yml = GitVersion.yml
		Icon.png = Icon.png
		README.md = README.md
	EndProjectSection
EndProject
Project("{9A19103F-16F7-4668-BE54-9A1E7A4F7556}") = "OnTopic.AspNetCore.Mvc", "OnTopic.AspNetCore.Mvc\OnTopic.AspNetCore.Mvc.csproj", "{B7F136A1-C86D-4A74-AC4F-3693CD1358A4}"
EndProject
Project("{9A19103F-16F7-4668-BE54-9A1E7A4F7556}") = "OnTopic.AspNetCore.Mvc.Host", "OnTopic.AspNetCore.Mvc.Host\OnTopic.AspNetCore.Mvc.Host.csproj", "{2A9B757D-1BB4-4BB2-B1E0-CC58C71DE51C}"
EndProject
Project("{9A19103F-16F7-4668-BE54-9A1E7A4F7556}") = "OnTopic.AspNetCore.Mvc.Tests", "OnTopic.AspNetCore.Mvc.Tests\OnTopic.AspNetCore.Mvc.Tests.csproj", "{C48F66A5-60E3-4C3D-837A-9F1828BD1E85}"
EndProject
Project("{9A19103F-16F7-4668-BE54-9A1E7A4F7556}") = "OnTopic.TestDoubles", "OnTopic.TestDoubles\OnTopic.TestDoubles.csproj", "{FE175884-59C1-4C4D-A663-4CC570432ECC}"
EndProject
Project("{FAE04EC0-301F-11D3-BF4B-00C04F79EFBC}") = "OnTopic.Data.Sql.Database.Tests", "OnTopic.Data.Sql.Database.Tests\OnTopic.Data.Sql.Database.Tests.csproj", "{D7FE876D-A75F-4493-8283-B316271FD5AE}"
EndProject
Project("{9A19103F-16F7-4668-BE54-9A1E7A4F7556}") = "OnTopic.All", "OnTopic.All\OnTopic.All.csproj", "{5AE0A248-0243-4E41-B6AB-CB8ACB5A6E04}"
EndProject
Project("{FAE04EC0-301F-11D3-BF4B-00C04F79EFBC}") = "OnTopic.AspNetCore.Mvc.IntegrationTests.Host", "OnTopic.AspNetCore.Mvc.IntegrationTests.Host\OnTopic.AspNetCore.Mvc.IntegrationTests.Host.csproj", "{BB5951FF-F557-4D02-99E2-592D3D2EC00E}"
EndProject
Global
	GlobalSection(SolutionConfigurationPlatforms) = preSolution
		Debug|Any CPU = Debug|Any CPU
		Release|Any CPU = Release|Any CPU
	EndGlobalSection
	GlobalSection(ProjectConfigurationPlatforms) = postSolution
		{B8D5B290-4451-4C3B-AE9E-0FF075958A74}.Debug|Any CPU.ActiveCfg = Debug|Any CPU
		{B8D5B290-4451-4C3B-AE9E-0FF075958A74}.Debug|Any CPU.Build.0 = Debug|Any CPU
		{B8D5B290-4451-4C3B-AE9E-0FF075958A74}.Release|Any CPU.ActiveCfg = Release|Any CPU
		{B8D5B290-4451-4C3B-AE9E-0FF075958A74}.Release|Any CPU.Build.0 = Release|Any CPU
		{27632801-BFE3-41D9-8678-3C4BBE45E6C9}.Debug|Any CPU.ActiveCfg = Debug|Any CPU
		{27632801-BFE3-41D9-8678-3C4BBE45E6C9}.Debug|Any CPU.Build.0 = Debug|Any CPU
		{27632801-BFE3-41D9-8678-3C4BBE45E6C9}.Release|Any CPU.ActiveCfg = Release|Any CPU
		{27632801-BFE3-41D9-8678-3C4BBE45E6C9}.Release|Any CPU.Build.0 = Release|Any CPU
		{1DE1F923-C7C2-435B-B49A-975ACBCB5FF0}.Debug|Any CPU.ActiveCfg = Debug|Any CPU
		{1DE1F923-C7C2-435B-B49A-975ACBCB5FF0}.Debug|Any CPU.Build.0 = Debug|Any CPU
		{1DE1F923-C7C2-435B-B49A-975ACBCB5FF0}.Release|Any CPU.ActiveCfg = Release|Any CPU
		{1DE1F923-C7C2-435B-B49A-975ACBCB5FF0}.Release|Any CPU.Build.0 = Release|Any CPU
		{206B7F91-CA25-4E9D-9576-60D2E54A2C0A}.Debug|Any CPU.ActiveCfg = Debug|Any CPU
		{206B7F91-CA25-4E9D-9576-60D2E54A2C0A}.Debug|Any CPU.Build.0 = Debug|Any CPU
		{206B7F91-CA25-4E9D-9576-60D2E54A2C0A}.Release|Any CPU.ActiveCfg = Release|Any CPU
		{206B7F91-CA25-4E9D-9576-60D2E54A2C0A}.Release|Any CPU.Build.0 = Release|Any CPU
		{A1D96A34-C6EA-491A-BC60-8BB9E809B005}.Debug|Any CPU.ActiveCfg = Debug|Any CPU
		{A1D96A34-C6EA-491A-BC60-8BB9E809B005}.Debug|Any CPU.Deploy.0 = Debug|Any CPU
		{A1D96A34-C6EA-491A-BC60-8BB9E809B005}.Release|Any CPU.ActiveCfg = Release|Any CPU
		{A1D96A34-C6EA-491A-BC60-8BB9E809B005}.Release|Any CPU.Deploy.0 = Release|Any CPU
		{E52FC633-B4C5-4A2B-8CAF-30E756D7A6A7}.Debug|Any CPU.ActiveCfg = Debug|Any CPU
		{E52FC633-B4C5-4A2B-8CAF-30E756D7A6A7}.Debug|Any CPU.Build.0 = Debug|Any CPU
		{E52FC633-B4C5-4A2B-8CAF-30E756D7A6A7}.Release|Any CPU.ActiveCfg = Release|Any CPU
		{E52FC633-B4C5-4A2B-8CAF-30E756D7A6A7}.Release|Any CPU.Build.0 = Release|Any CPU
		{B7F136A1-C86D-4A74-AC4F-3693CD1358A4}.Debug|Any CPU.ActiveCfg = Debug|Any CPU
		{B7F136A1-C86D-4A74-AC4F-3693CD1358A4}.Debug|Any CPU.Build.0 = Debug|Any CPU
		{B7F136A1-C86D-4A74-AC4F-3693CD1358A4}.Release|Any CPU.ActiveCfg = Release|Any CPU
		{B7F136A1-C86D-4A74-AC4F-3693CD1358A4}.Release|Any CPU.Build.0 = Release|Any CPU
		{2A9B757D-1BB4-4BB2-B1E0-CC58C71DE51C}.Debug|Any CPU.ActiveCfg = Debug|Any CPU
		{2A9B757D-1BB4-4BB2-B1E0-CC58C71DE51C}.Debug|Any CPU.Build.0 = Debug|Any CPU
		{2A9B757D-1BB4-4BB2-B1E0-CC58C71DE51C}.Release|Any CPU.ActiveCfg = Release|Any CPU
		{2A9B757D-1BB4-4BB2-B1E0-CC58C71DE51C}.Release|Any CPU.Build.0 = Release|Any CPU
		{C48F66A5-60E3-4C3D-837A-9F1828BD1E85}.Debug|Any CPU.ActiveCfg = Debug|Any CPU
		{C48F66A5-60E3-4C3D-837A-9F1828BD1E85}.Debug|Any CPU.Build.0 = Debug|Any CPU
		{C48F66A5-60E3-4C3D-837A-9F1828BD1E85}.Release|Any CPU.ActiveCfg = Release|Any CPU
		{C48F66A5-60E3-4C3D-837A-9F1828BD1E85}.Release|Any CPU.Build.0 = Release|Any CPU
		{FE175884-59C1-4C4D-A663-4CC570432ECC}.Debug|Any CPU.ActiveCfg = Debug|Any CPU
		{FE175884-59C1-4C4D-A663-4CC570432ECC}.Debug|Any CPU.Build.0 = Debug|Any CPU
		{FE175884-59C1-4C4D-A663-4CC570432ECC}.Release|Any CPU.ActiveCfg = Release|Any CPU
		{FE175884-59C1-4C4D-A663-4CC570432ECC}.Release|Any CPU.Build.0 = Release|Any CPU
		{D7FE876D-A75F-4493-8283-B316271FD5AE}.Debug|Any CPU.ActiveCfg = Debug|Any CPU
		{D7FE876D-A75F-4493-8283-B316271FD5AE}.Debug|Any CPU.Build.0 = Debug|Any CPU
		{D7FE876D-A75F-4493-8283-B316271FD5AE}.Release|Any CPU.ActiveCfg = Release|Any CPU
		{5AE0A248-0243-4E41-B6AB-CB8ACB5A6E04}.Debug|Any CPU.ActiveCfg = Debug|Any CPU
		{5AE0A248-0243-4E41-B6AB-CB8ACB5A6E04}.Debug|Any CPU.Build.0 = Debug|Any CPU
		{5AE0A248-0243-4E41-B6AB-CB8ACB5A6E04}.Release|Any CPU.ActiveCfg = Release|Any CPU
		{5AE0A248-0243-4E41-B6AB-CB8ACB5A6E04}.Release|Any CPU.Build.0 = Release|Any CPU
		{BB5951FF-F557-4D02-99E2-592D3D2EC00E}.Debug|Any CPU.ActiveCfg = Debug|Any CPU
		{BB5951FF-F557-4D02-99E2-592D3D2EC00E}.Debug|Any CPU.Build.0 = Debug|Any CPU
		{BB5951FF-F557-4D02-99E2-592D3D2EC00E}.Release|Any CPU.ActiveCfg = Release|Any CPU
		{BB5951FF-F557-4D02-99E2-592D3D2EC00E}.Release|Any CPU.Build.0 = Release|Any CPU
	EndGlobalSection
	GlobalSection(SolutionProperties) = preSolution
		HideSolutionNode = FALSE
	EndGlobalSection
	GlobalSection(ExtensibilityGlobals) = postSolution
		SolutionGuid = {9E9FBF9F-CE4C-4721-B099-58A561875E1B}
	EndGlobalSection
EndGlobal
